
Microsoft Visual Studio Solution File, Format Version 12.00
# Visual Studio Version 17
VisualStudioVersion = 17.4.33205.214
MinimumVisualStudioVersion = 10.0.40219.1
Project("{FAE04EC0-301F-11D3-BF4B-00C04F79EFBC}") = "01-Class", "01-Class\01-Class.csproj", "{E0037219-926C-43A9-935F-66B4B5067B39}"
EndProject
Project("{FAE04EC0-301F-11D3-BF4B-00C04F79EFBC}") = "02-OOP-Constructor", "02-OOP-Constructor\02-OOP-Constructor.csproj", "{FEB5A761-4113-41CB-AE37-1B2400D8AC24}"
EndProject
Project("{FAE04EC0-301F-11D3-BF4B-00C04F79EFBC}") = "03-OOP-Encapsulation", "03-OOP-Encapsulation\03-OOP-Encapsulation.csproj", "{78CBA443-9A5A-4873-833F-D3FD3A546D9C}"
EndProject
Project("{FAE04EC0-301F-11D3-BF4B-00C04F79EFBC}") = "00-Odev(SinifEkleme)", "00-Odev(SinifEkleme)\00-Odev(SinifEkleme).csproj", "{A51BEDD1-53D8-48AD-9A0B-DC30F1A81153}"
EndProject
Project("{FAE04EC0-301F-11D3-BF4B-00C04F79EFBC}") = "04-OOP-LAB", "04-OOP-LAB\04-OOP-LAB.csproj", "{9C67E1BC-80C5-4DC7-878F-08934986FC29}"
EndProject
Project("{FAE04EC0-301F-11D3-BF4B-00C04F79EFBC}") = "05-OOP-Inheritance", "05-OOP-Inheritance\05-OOP-Inheritance.csproj", "{74030E57-54B1-45AE-AC88-9FA1F118C331}"
EndProject
Project("{FAE04EC0-301F-11D3-BF4B-00C04F79EFBC}") = "06-OOP-InheritanceLAB", "06-OOP-InheritanceLAB\06-OOP-InheritanceLAB.csproj", "{65B4C621-81A2-45D7-92F9-B7CB7220C3BA}"
EndProject
Project("{FAE04EC0-301F-11D3-BF4B-00C04F79EFBC}") = "09-OOP-AbstractClass", "09-OOP-AbstractClass\09-OOP-AbstractClass.csproj", "{7531612A-227A-4ED8-9D50-3E1EC092DE42}"
EndProject
Project("{FAE04EC0-301F-11D3-BF4B-00C04F79EFBC}") = "10-AbstractClassLAB", "10-AbstractClassLAB\10-AbstractClassLAB.csproj", "{4A3FE76B-DD40-4E4D-831E-F5806A7971D8}"
EndProject
Project("{FAE04EC0-301F-11D3-BF4B-00C04F79EFBC}") = "11-OOP-Interface", "11-OOP-Interface\11-OOP-Interface.csproj", "{9E016E8A-B438-401C-95AE-EB3246DE2AAA}"
EndProject
Project("{FAE04EC0-301F-11D3-BF4B-00C04F79EFBC}") = "12-OOP-InterfaceLAB", "12-OOP-InterfaceLAB\12-OOP-InterfaceLAB.csproj", "{D4C5967E-A036-4191-A675-691F2C96750D}"
EndProject
Project("{FAE04EC0-301F-11D3-BF4B-00C04F79EFBC}") = "13-OOP-Enum", "13-OOP-Enum\13-OOP-Enum.csproj", "{0AC0B44D-B6EC-4614-A6AE-96CF2300128F}"
EndProject
Project("{FAE04EC0-301F-11D3-BF4B-00C04F79EFBC}") = "14-OOP-Static", "14-OOP-Static\14-OOP-Static.csproj", "{C4A04647-091C-498C-927C-D52C00D7E157}"
EndProject
Project("{FAE04EC0-301F-11D3-BF4B-00C04F79EFBC}") = "07-OOP-Sealed", "07-OOP-Sealed\07-OOP-Sealed.csproj", "{40EC2BE7-EC26-4863-8137-37CAEECD12EF}"
EndProject
Project("{FAE04EC0-301F-11D3-BF4B-00C04F79EFBC}") = "08-OOP-PartialClass", "08-OOP-PartialClass\08-OOP-PartialClass.csproj", "{C234405F-A007-49D2-86F1-72CE4A9AEAE1}"
EndProject
Project("{FAE04EC0-301F-11D3-BF4B-00C04F79EFBC}") = "15-OOP-StaticLAB", "15-OOP-StaticLAB\15-OOP-StaticLAB.csproj", "{73D17414-AAE0-4411-9961-61E33CA627E1}"
EndProject
Project("{FAE04EC0-301F-11D3-BF4B-00C04F79EFBC}") = "16-OOP-Generic", "16-OOP-Generic\16-OOP-Generic.csproj", "{3DFEF137-168A-4A5D-BD39-72FCD376D750}"
EndProject
Project("{FAE04EC0-301F-11D3-BF4B-00C04F79EFBC}") = "17-OOP-GenericLAB", "17-OOP-GenericLAB\17-OOP-GenericLAB.csproj", "{69E8CD51-51A0-43D8-8650-3F2F65B34166}"
EndProject
Project("{FAE04EC0-301F-11D3-BF4B-00C04F79EFBC}") = "18-OOP-Serialize", "18-OOP-Serialize\18-OOP-Serialize.csproj", "{AF5B7173-5FCB-49B4-B6A8-6A9E3F6F3CDF}"
EndProject
Global
	GlobalSection(SolutionConfigurationPlatforms) = preSolution
		Debug|Any CPU = Debug|Any CPU
		Release|Any CPU = Release|Any CPU
	EndGlobalSection
	GlobalSection(ProjectConfigurationPlatforms) = postSolution
		{E0037219-926C-43A9-935F-66B4B5067B39}.Debug|Any CPU.ActiveCfg = Debug|Any CPU
		{E0037219-926C-43A9-935F-66B4B5067B39}.Debug|Any CPU.Build.0 = Debug|Any CPU
		{E0037219-926C-43A9-935F-66B4B5067B39}.Release|Any CPU.ActiveCfg = Release|Any CPU
		{E0037219-926C-43A9-935F-66B4B5067B39}.Release|Any CPU.Build.0 = Release|Any CPU
		{FEB5A761-4113-41CB-AE37-1B2400D8AC24}.Debug|Any CPU.ActiveCfg = Debug|Any CPU
		{FEB5A761-4113-41CB-AE37-1B2400D8AC24}.Debug|Any CPU.Build.0 = Debug|Any CPU
		{FEB5A761-4113-41CB-AE37-1B2400D8AC24}.Release|Any CPU.ActiveCfg = Release|Any CPU
		{FEB5A761-4113-41CB-AE37-1B2400D8AC24}.Release|Any CPU.Build.0 = Release|Any CPU
		{78CBA443-9A5A-4873-833F-D3FD3A546D9C}.Debug|Any CPU.ActiveCfg = Debug|Any CPU
		{78CBA443-9A5A-4873-833F-D3FD3A546D9C}.Debug|Any CPU.Build.0 = Debug|Any CPU
		{78CBA443-9A5A-4873-833F-D3FD3A546D9C}.Release|Any CPU.ActiveCfg = Release|Any CPU
		{78CBA443-9A5A-4873-833F-D3FD3A546D9C}.Release|Any CPU.Build.0 = Release|Any CPU
		{A51BEDD1-53D8-48AD-9A0B-DC30F1A81153}.Debug|Any CPU.ActiveCfg = Debug|Any CPU
		{A51BEDD1-53D8-48AD-9A0B-DC30F1A81153}.Debug|Any CPU.Build.0 = Debug|Any CPU
		{A51BEDD1-53D8-48AD-9A0B-DC30F1A81153}.Release|Any CPU.ActiveCfg = Release|Any CPU
		{A51BEDD1-53D8-48AD-9A0B-DC30F1A81153}.Release|Any CPU.Build.0 = Release|Any CPU
		{9C67E1BC-80C5-4DC7-878F-08934986FC29}.Debug|Any CPU.ActiveCfg = Debug|Any CPU
		{9C67E1BC-80C5-4DC7-878F-08934986FC29}.Debug|Any CPU.Build.0 = Debug|Any CPU
		{9C67E1BC-80C5-4DC7-878F-08934986FC29}.Release|Any CPU.ActiveCfg = Release|Any CPU
		{9C67E1BC-80C5-4DC7-878F-08934986FC29}.Release|Any CPU.Build.0 = Release|Any CPU
		{74030E57-54B1-45AE-AC88-9FA1F118C331}.Debug|Any CPU.ActiveCfg = Debug|Any CPU
		{74030E57-54B1-45AE-AC88-9FA1F118C331}.Debug|Any CPU.Build.0 = Debug|Any CPU
		{74030E57-54B1-45AE-AC88-9FA1F118C331}.Release|Any CPU.ActiveCfg = Release|Any CPU
		{74030E57-54B1-45AE-AC88-9FA1F118C331}.Release|Any CPU.Build.0 = Release|Any CPU
		{65B4C621-81A2-45D7-92F9-B7CB7220C3BA}.Debug|Any CPU.ActiveCfg = Debug|Any CPU
		{65B4C621-81A2-45D7-92F9-B7CB7220C3BA}.Debug|Any CPU.Build.0 = Debug|Any CPU
		{65B4C621-81A2-45D7-92F9-B7CB7220C3BA}.Release|Any CPU.ActiveCfg = Release|Any CPU
		{65B4C621-81A2-45D7-92F9-B7CB7220C3BA}.Release|Any CPU.Build.0 = Release|Any CPU
		{7531612A-227A-4ED8-9D50-3E1EC092DE42}.Debug|Any CPU.ActiveCfg = Debug|Any CPU
		{7531612A-227A-4ED8-9D50-3E1EC092DE42}.Debug|Any CPU.Build.0 = Debug|Any CPU
		{7531612A-227A-4ED8-9D50-3E1EC092DE42}.Release|Any CPU.ActiveCfg = Release|Any CPU
		{7531612A-227A-4ED8-9D50-3E1EC092DE42}.Release|Any CPU.Build.0 = Release|Any CPU
		{4A3FE76B-DD40-4E4D-831E-F5806A7971D8}.Debug|Any CPU.ActiveCfg = Debug|Any CPU
		{4A3FE76B-DD40-4E4D-831E-F5806A7971D8}.Debug|Any CPU.Build.0 = Debug|Any CPU
		{4A3FE76B-DD40-4E4D-831E-F5806A7971D8}.Release|Any CPU.ActiveCfg = Release|Any CPU
		{4A3FE76B-DD40-4E4D-831E-F5806A7971D8}.Release|Any CPU.Build.0 = Release|Any CPU
		{9E016E8A-B438-401C-95AE-EB3246DE2AAA}.Debug|Any CPU.ActiveCfg = Debug|Any CPU
		{9E016E8A-B438-401C-95AE-EB3246DE2AAA}.Debug|Any CPU.Build.0 = Debug|Any CPU
		{9E016E8A-B438-401C-95AE-EB3246DE2AAA}.Release|Any CPU.ActiveCfg = Release|Any CPU
		{9E016E8A-B438-401C-95AE-EB3246DE2AAA}.Release|Any CPU.Build.0 = Release|Any CPU
		{D4C5967E-A036-4191-A675-691F2C96750D}.Debug|Any CPU.ActiveCfg = Debug|Any CPU
		{D4C5967E-A036-4191-A675-691F2C96750D}.Debug|Any CPU.Build.0 = Debug|Any CPU
		{D4C5967E-A036-4191-A675-691F2C96750D}.Release|Any CPU.ActiveCfg = Release|Any CPU
		{D4C5967E-A036-4191-A675-691F2C96750D}.Release|Any CPU.Build.0 = Release|Any CPU
		{0AC0B44D-B6EC-4614-A6AE-96CF2300128F}.Debug|Any CPU.ActiveCfg = Debug|Any CPU
		{0AC0B44D-B6EC-4614-A6AE-96CF2300128F}.Debug|Any CPU.Build.0 = Debug|Any CPU
		{0AC0B44D-B6EC-4614-A6AE-96CF2300128F}.Release|Any CPU.ActiveCfg = Release|Any CPU
		{0AC0B44D-B6EC-4614-A6AE-96CF2300128F}.Release|Any CPU.Build.0 = Release|Any CPU
		{C4A04647-091C-498C-927C-D52C00D7E157}.Debug|Any CPU.ActiveCfg = Debug|Any CPU
		{C4A04647-091C-498C-927C-D52C00D7E157}.Debug|Any CPU.Build.0 = Debug|Any CPU
		{C4A04647-091C-498C-927C-D52C00D7E157}.Release|Any CPU.ActiveCfg = Release|Any CPU
		{C4A04647-091C-498C-927C-D52C00D7E157}.Release|Any CPU.Build.0 = Release|Any CPU
		{40EC2BE7-EC26-4863-8137-37CAEECD12EF}.Debug|Any CPU.ActiveCfg = Debug|Any CPU
		{40EC2BE7-EC26-4863-8137-37CAEECD12EF}.Debug|Any CPU.Build.0 = Debug|Any CPU
		{40EC2BE7-EC26-4863-8137-37CAEECD12EF}.Release|Any CPU.ActiveCfg = Release|Any CPU
		{40EC2BE7-EC26-4863-8137-37CAEECD12EF}.Release|Any CPU.Build.0 = Release|Any CPU
		{C234405F-A007-49D2-86F1-72CE4A9AEAE1}.Debug|Any CPU.ActiveCfg = Debug|Any CPU
		{C234405F-A007-49D2-86F1-72CE4A9AEAE1}.Debug|Any CPU.Build.0 = Debug|Any CPU
		{C234405F-A007-49D2-86F1-72CE4A9AEAE1}.Release|Any CPU.ActiveCfg = Release|Any CPU
		{C234405F-A007-49D2-86F1-72CE4A9AEAE1}.Release|Any CPU.Build.0 = Release|Any CPU
		{73D17414-AAE0-4411-9961-61E33CA627E1}.Debug|Any CPU.ActiveCfg = Debug|Any CPU
		{73D17414-AAE0-4411-9961-61E33CA627E1}.Debug|Any CPU.Build.0 = Debug|Any CPU
		{73D17414-AAE0-4411-9961-61E33CA627E1}.Release|Any CPU.ActiveCfg = Release|Any CPU
		{73D17414-AAE0-4411-9961-61E33CA627E1}.Release|Any CPU.Build.0 = Release|Any CPU
		{3DFEF137-168A-4A5D-BD39-72FCD376D750}.Debug|Any CPU.ActiveCfg = Debug|Any CPU
		{3DFEF137-168A-4A5D-BD39-72FCD376D750}.Debug|Any CPU.Build.0 = Debug|Any CPU
		{3DFEF137-168A-4A5D-BD39-72FCD376D750}.Release|Any CPU.ActiveCfg = Release|Any CPU
		{3DFEF137-168A-4A5D-BD39-72FCD376D750}.Release|Any CPU.Build.0 = Release|Any CPU
		{69E8CD51-51A0-43D8-8650-3F2F65B34166}.Debug|Any CPU.ActiveCfg = Debug|Any CPU
		{69E8CD51-51A0-43D8-8650-3F2F65B34166}.Debug|Any CPU.Build.0 = Debug|Any CPU
		{69E8CD51-51A0-43D8-8650-3F2F65B34166}.Release|Any CPU.ActiveCfg = Release|Any CPU
		{69E8CD51-51A0-43D8-8650-3F2F65B34166}.Release|Any CPU.Build.0 = Release|Any CPU
		{AF5B7173-5FCB-49B4-B6A8-6A9E3F6F3CDF}.Debug|Any CPU.ActiveCfg = Debug|Any CPU
		{AF5B7173-5FCB-49B4-B6A8-6A9E3F6F3CDF}.Debug|Any CPU.Build.0 = Debug|Any CPU
		{AF5B7173-5FCB-49B4-B6A8-6A9E3F6F3CDF}.Release|Any CPU.ActiveCfg = Release|Any CPU
		{AF5B7173-5FCB-49B4-B6A8-6A9E3F6F3CDF}.Release|Any CPU.Build.0 = Release|Any CPU
	EndGlobalSection
	GlobalSection(SolutionProperties) = preSolution
		HideSolutionNode = FALSE
	EndGlobalSection
	GlobalSection(ExtensibilityGlobals) = postSolution
		SolutionGuid = {B63F484A-AEA8-421A-9FB3-B56C7D31D2C6}
	EndGlobalSection
EndGlobal
